{
	"name": "lcapp",
	"version": "0.0.1",
	"lockfileVersion": 1,
	"dependencies": {
		"react-native-timeline-listview": {
			"version": "0.2.1",
			"resolved": "https://registry.npmjs.org/react-native-timeline-listview/-/react-native-timeline-listview-0.2.1.tgz",
			"integrity": "sha1-5l3m67BjCsy+TuqWuasPg6BRfRY="
		}
	}
}
